
Microsoft Visual Studio Solution File, Format Version 12.00
# Visual Studio Version 17
VisualStudioVersion = 17.5.33424.131
MinimumVisualStudioVersion = 10.0.40219.1
Project("{FAE04EC0-301F-11D3-BF4B-00C04F79EFBC}") = "QRCode.Api", "QRCode.Api\QRCode.Api.csproj", "{CEEF3967-C617-41FB-9C4F-26C23C84B433}"
EndProject
Project("{FAE04EC0-301F-11D3-BF4B-00C04F79EFBC}") = "QRCode.Infra", "QRCode.Infra\QRCode.Infra.csproj", "{3853BF71-7A7C-4802-92FF-6EF76756F3CD}"
EndProject
Project("{FAE04EC0-301F-11D3-BF4B-00C04F79EFBC}") = "QRCode.Core", "QRCode.Core\QRCode.Core.csproj", "{BAD83925-8367-4502-A06C-B6B6803C514C}"
EndProject
Global
	GlobalSection(SolutionConfigurationPlatforms) = preSolution
		Debug|Any CPU = Debug|Any CPU
		Release|Any CPU = Release|Any CPU
	EndGlobalSection
	GlobalSection(ProjectConfigurationPlatforms) = postSolution
		{CEEF3967-C617-41FB-9C4F-26C23C84B433}.Debug|Any CPU.ActiveCfg = Debug|Any CPU
		{CEEF3967-C617-41FB-9C4F-26C23C84B433}.Debug|Any CPU.Build.0 = Debug|Any CPU
		{CEEF3967-C617-41FB-9C4F-26C23C84B433}.Release|Any CPU.ActiveCfg = Release|Any CPU
		{CEEF3967-C617-41FB-9C4F-26C23C84B433}.Release|Any CPU.Build.0 = Release|Any CPU
		{3853BF71-7A7C-4802-92FF-6EF76756F3CD}.Debug|Any CPU.ActiveCfg = Debug|Any CPU
		{3853BF71-7A7C-4802-92FF-6EF76756F3CD}.Debug|Any CPU.Build.0 = Debug|Any CPU
		{3853BF71-7A7C-4802-92FF-6EF76756F3CD}.Release|Any CPU.ActiveCfg = Release|Any CPU
		{3853BF71-7A7C-4802-92FF-6EF76756F3CD}.Release|Any CPU.Build.0 = Release|Any CPU
		{BAD83925-8367-4502-A06C-B6B6803C514C}.Debug|Any CPU.ActiveCfg = Debug|Any CPU
		{BAD83925-8367-4502-A06C-B6B6803C514C}.Debug|Any CPU.Build.0 = Debug|Any CPU
		{BAD83925-8367-4502-A06C-B6B6803C514C}.Release|Any CPU.ActiveCfg = Release|Any CPU
		{BAD83925-8367-4502-A06C-B6B6803C514C}.Release|Any CPU.Build.0 = Release|Any CPU
	EndGlobalSection
	GlobalSection(SolutionProperties) = preSolution
		HideSolutionNode = FALSE
	EndGlobalSection
	GlobalSection(ExtensibilityGlobals) = postSolution
		SolutionGuid = {2FAAC61F-9A52-4268-AB5D-006992B211A4}
	EndGlobalSection
EndGlobal
